
Microsoft Visual Studio Solution File, Format Version 12.00
# Visual Studio Version 16
VisualStudioVersion = 16.0.30907.101
MinimumVisualStudioVersion = 10.0.40219.1
Project("{FAE04EC0-301F-11D3-BF4B-00C04F79EFBC}") = "BankingExample", "BankingExample.csproj", "{5752705B-853E-4481-9594-E5A9FCFD6ADC}"
EndProject
Project("{FAE04EC0-301F-11D3-BF4B-00C04F79EFBC}") = "BankingExample.Models", "..\BankingExample.Models\BankingExample.Models.csproj", "{21C50D44-57AC-455F-ACB0-21B8FB21CF10}"
EndProject
Project("{FAE04EC0-301F-11D3-BF4B-00C04F79EFBC}") = "BankExample.Service", "..\BankExample.Service\BankExample.Service.csproj", "{D3FB1ACF-2850-4BFB-8A66-478A551BA6FE}"
EndProject
Project("{FAE04EC0-301F-11D3-BF4B-00C04F79EFBC}") = "BankExample.DAL", "..\BankExample.DAL\BankExample.DAL.csproj", "{CF89D738-CE55-42E7-97A7-29532BC4C7AA}"
EndProject
Project("{FAE04EC0-301F-11D3-BF4B-00C04F79EFBC}") = "BankExample.Test", "..\BankExample.Test\BankExample.Test.csproj", "{1A33D526-3F37-43A3-B182-DE42912284AA}"
EndProject
Global
	GlobalSection(SolutionConfigurationPlatforms) = preSolution
		Debug|Any CPU = Debug|Any CPU
		Release|Any CPU = Release|Any CPU
	EndGlobalSection
	GlobalSection(ProjectConfigurationPlatforms) = postSolution
		{5752705B-853E-4481-9594-E5A9FCFD6ADC}.Debug|Any CPU.ActiveCfg = Debug|Any CPU
		{5752705B-853E-4481-9594-E5A9FCFD6ADC}.Debug|Any CPU.Build.0 = Debug|Any CPU
		{5752705B-853E-4481-9594-E5A9FCFD6ADC}.Release|Any CPU.ActiveCfg = Release|Any CPU
		{5752705B-853E-4481-9594-E5A9FCFD6ADC}.Release|Any CPU.Build.0 = Release|Any CPU
		{21C50D44-57AC-455F-ACB0-21B8FB21CF10}.Debug|Any CPU.ActiveCfg = Debug|Any CPU
		{21C50D44-57AC-455F-ACB0-21B8FB21CF10}.Debug|Any CPU.Build.0 = Debug|Any CPU
		{21C50D44-57AC-455F-ACB0-21B8FB21CF10}.Release|Any CPU.ActiveCfg = Release|Any CPU
		{21C50D44-57AC-455F-ACB0-21B8FB21CF10}.Release|Any CPU.Build.0 = Release|Any CPU
		{D3FB1ACF-2850-4BFB-8A66-478A551BA6FE}.Debug|Any CPU.ActiveCfg = Debug|Any CPU
		{D3FB1ACF-2850-4BFB-8A66-478A551BA6FE}.Debug|Any CPU.Build.0 = Debug|Any CPU
		{D3FB1ACF-2850-4BFB-8A66-478A551BA6FE}.Release|Any CPU.ActiveCfg = Release|Any CPU
		{D3FB1ACF-2850-4BFB-8A66-478A551BA6FE}.Release|Any CPU.Build.0 = Release|Any CPU
		{CF89D738-CE55-42E7-97A7-29532BC4C7AA}.Debug|Any CPU.ActiveCfg = Debug|Any CPU
		{CF89D738-CE55-42E7-97A7-29532BC4C7AA}.Debug|Any CPU.Build.0 = Debug|Any CPU
		{CF89D738-CE55-42E7-97A7-29532BC4C7AA}.Release|Any CPU.ActiveCfg = Release|Any CPU
		{CF89D738-CE55-42E7-97A7-29532BC4C7AA}.Release|Any CPU.Build.0 = Release|Any CPU
		{1A33D526-3F37-43A3-B182-DE42912284AA}.Debug|Any CPU.ActiveCfg = Debug|Any CPU
		{1A33D526-3F37-43A3-B182-DE42912284AA}.Debug|Any CPU.Build.0 = Debug|Any CPU
		{1A33D526-3F37-43A3-B182-DE42912284AA}.Release|Any CPU.ActiveCfg = Release|Any CPU
		{1A33D526-3F37-43A3-B182-DE42912284AA}.Release|Any CPU.Build.0 = Release|Any CPU
	EndGlobalSection
	GlobalSection(SolutionProperties) = preSolution
		HideSolutionNode = FALSE
	EndGlobalSection
	GlobalSection(ExtensibilityGlobals) = postSolution
		SolutionGuid = {B56DB9A7-820F-4A62-80EF-2FA42A1574C0}
	EndGlobalSection
EndGlobal
